
Microsoft Visual Studio Solution File, Format Version 12.00
Project("{FAE04EC0-301F-11D3-BF4B-00C04F79EFBC}") = "SneakerShop.Api", "SneakerShop.Api\SneakerShop.Api.csproj", "{B104A9D6-013B-4AB6-8A80-BE55A7891A09}"
EndProject
Project("{FAE04EC0-301F-11D3-BF4B-00C04F79EFBC}") = "SneakerShop.Core", "SneakerShop.Core\SneakerShop.Core.csproj", "{6199EF91-E359-4BA5-A2C6-157A8B9DD286}"
EndProject
Project("{FAE04EC0-301F-11D3-BF4B-00C04F79EFBC}") = "SneakerShop.Data", "SneakerShop.Data\SneakerShop.Data.csproj", "{E18E15DC-F393-4E6A-937D-9B16D1EB0857}"
EndProject
Project("{FAE04EC0-301F-11D3-BF4B-00C04F79EFBC}") = "SneakerShop.Tests", "SneakerShop.Tests\SneakerShop.Tests.csproj", "{3AE50AEF-3A53-4EF6-9E38-BCF3F9557487}"
EndProject
Global
	GlobalSection(SolutionConfigurationPlatforms) = preSolution
		Debug|Any CPU = Debug|Any CPU
		Release|Any CPU = Release|Any CPU
	EndGlobalSection
	GlobalSection(ProjectConfigurationPlatforms) = postSolution
		{B104A9D6-013B-4AB6-8A80-BE55A7891A09}.Debug|Any CPU.ActiveCfg = Debug|Any CPU
		{B104A9D6-013B-4AB6-8A80-BE55A7891A09}.Debug|Any CPU.Build.0 = Debug|Any CPU
		{B104A9D6-013B-4AB6-8A80-BE55A7891A09}.Release|Any CPU.ActiveCfg = Release|Any CPU
		{B104A9D6-013B-4AB6-8A80-BE55A7891A09}.Release|Any CPU.Build.0 = Release|Any CPU
		{6199EF91-E359-4BA5-A2C6-157A8B9DD286}.Debug|Any CPU.ActiveCfg = Debug|Any CPU
		{6199EF91-E359-4BA5-A2C6-157A8B9DD286}.Debug|Any CPU.Build.0 = Debug|Any CPU
		{6199EF91-E359-4BA5-A2C6-157A8B9DD286}.Release|Any CPU.ActiveCfg = Release|Any CPU
		{6199EF91-E359-4BA5-A2C6-157A8B9DD286}.Release|Any CPU.Build.0 = Release|Any CPU
		{E18E15DC-F393-4E6A-937D-9B16D1EB0857}.Debug|Any CPU.ActiveCfg = Debug|Any CPU
		{E18E15DC-F393-4E6A-937D-9B16D1EB0857}.Debug|Any CPU.Build.0 = Debug|Any CPU
		{E18E15DC-F393-4E6A-937D-9B16D1EB0857}.Release|Any CPU.ActiveCfg = Release|Any CPU
		{E18E15DC-F393-4E6A-937D-9B16D1EB0857}.Release|Any CPU.Build.0 = Release|Any CPU
		{3AE50AEF-3A53-4EF6-9E38-BCF3F9557487}.Debug|Any CPU.ActiveCfg = Debug|Any CPU
		{3AE50AEF-3A53-4EF6-9E38-BCF3F9557487}.Debug|Any CPU.Build.0 = Debug|Any CPU
		{3AE50AEF-3A53-4EF6-9E38-BCF3F9557487}.Release|Any CPU.ActiveCfg = Release|Any CPU
		{3AE50AEF-3A53-4EF6-9E38-BCF3F9557487}.Release|Any CPU.Build.0 = Release|Any CPU
	EndGlobalSection
EndGlobal
